// !$*UTF8*$!
{
	archiveVersion = 1;
	classes = {
	};
	objectVersion = 55;
	objects = {

/* Begin PBXBuildFile section */
		022748BD27990A2A0066B557 /* Navigation+TCA.swift in Sources */ = {isa = PBXBuildFile; fileRef = 022748BC27990A2A0066B557 /* Navigation+TCA.swift */; };
		024E2B05279901CA003A9B55 /* SelectTokenView.swift in Sources */ = {isa = PBXBuildFile; fileRef = 024E2B04279901CA003A9B55 /* SelectTokenView.swift */; };
		024E2B08279901F0003A9B55 /* TokenView.swift in Sources */ = {isa = PBXBuildFile; fileRef = 024E2B07279901F0003A9B55 /* TokenView.swift */; };
		024E2B0A27990218003A9B55 /* SelectTokenVM.swift in Sources */ = {isa = PBXBuildFile; fileRef = 024E2B0927990218003A9B55 /* SelectTokenVM.swift */; };
		024E2B0C2799022A003A9B55 /* TokenVM.swift in Sources */ = {isa = PBXBuildFile; fileRef = 024E2B0B2799022A003A9B55 /* TokenVM.swift */; };
		0280DA7E279670390087E62F /* Button.swift in Sources */ = {isa = PBXBuildFile; fileRef = 0280DA7D279670390087E62F /* Button.swift */; };
		0280DA80279670850087E62F /* TextField.swift in Sources */ = {isa = PBXBuildFile; fileRef = 0280DA7F279670850087E62F /* TextField.swift */; };
		02A0B2BB2795660F00AE925C /* EthereumWalletApp.swift in Sources */ = {isa = PBXBuildFile; fileRef = 02A0B2BA2795660F00AE925C /* EthereumWalletApp.swift */; };
		02A0B2BD2795660F00AE925C /* RootView.swift in Sources */ = {isa = PBXBuildFile; fileRef = 02A0B2BC2795660F00AE925C /* RootView.swift */; };
		02A0B2BF2795661000AE925C /* Assets.xcassets in Resources */ = {isa = PBXBuildFile; fileRef = 02A0B2BE2795661000AE925C /* Assets.xcassets */; };
		02A0B2C22795661000AE925C /* Preview Assets.xcassets in Resources */ = {isa = PBXBuildFile; fileRef = 02A0B2C12795661000AE925C /* Preview Assets.xcassets */; };
		02DE56442795670400E28F40 /* HistoryView.swift in Sources */ = {isa = PBXBuildFile; fileRef = 02DE56432795670400E28F40 /* HistoryView.swift */; };
		02DE56462795670F00E28F40 /* HomeView.swift in Sources */ = {isa = PBXBuildFile; fileRef = 02DE56452795670F00E28F40 /* HomeView.swift */; };
		02DE5649279569B200E28F40 /* ComposableArchitecture in Frameworks */ = {isa = PBXBuildFile; productRef = 02DE5648279569B200E28F40 /* ComposableArchitecture */; };
		02DE564C279569F000E28F40 /* web3swift in Frameworks */ = {isa = PBXBuildFile; productRef = 02DE564B279569F000E28F40 /* web3swift */; };
		02DE564F27956AAF00E28F40 /* SwiftUIRefresh in Frameworks */ = {isa = PBXBuildFile; productRef = 02DE564E27956AAF00E28F40 /* SwiftUIRefresh */; };
		02DE565227956AE800E28F40 /* Alamofire in Frameworks */ = {isa = PBXBuildFile; productRef = 02DE565127956AE800E28F40 /* Alamofire */; };
		02DE565527956B5E00E28F40 /* RootVM.swift in Sources */ = {isa = PBXBuildFile; fileRef = 02DE565427956B5E00E28F40 /* RootVM.swift */; };
		02DE565727956B6F00E28F40 /* HomeVM.swift in Sources */ = {isa = PBXBuildFile; fileRef = 02DE565627956B6F00E28F40 /* HomeVM.swift */; };
		02DE565927956B7D00E28F40 /* HistoryVM.swift in Sources */ = {isa = PBXBuildFile; fileRef = 02DE565827956B7D00E28F40 /* HistoryVM.swift */; };
		02DE565C279574CF00E28F40 /* HUD.swift in Sources */ = {isa = PBXBuildFile; fileRef = 02DE565B279574CF00E28F40 /* HUD.swift */; };
		02DE565F2795753900E28F40 /* ActivityIndicatorView in Frameworks */ = {isa = PBXBuildFile; productRef = 02DE565E2795753900E28F40 /* ActivityIndicatorView */; };
		02DE56622795796000E28F40 /* DataStore.swift in Sources */ = {isa = PBXBuildFile; fileRef = 02DE56612795796000E28F40 /* DataStore.swift */; };
		02DE566527957EC100E28F40 /* Environment.swift in Sources */ = {isa = PBXBuildFile; fileRef = 02DE566427957EC100E28F40 /* Environment.swift */; };
		02DE566A27957FFB00E28F40 /* Transaction.swift in Sources */ = {isa = PBXBuildFile; fileRef = 02DE566927957FFB00E28F40 /* Transaction.swift */; };
		02DE566C2795806D00E28F40 /* Client.swift in Sources */ = {isa = PBXBuildFile; fileRef = 02DE566B2795806D00E28F40 /* Client.swift */; };
		02DE566E2795821F00E28F40 /* Error.swift in Sources */ = {isa = PBXBuildFile; fileRef = 02DE566D2795821F00E28F40 /* Error.swift */; };
/* End PBXBuildFile section */

/* Begin PBXFileReference section */
		022748BC27990A2A0066B557 /* Navigation+TCA.swift */ = {isa = PBXFileReference; lastKnownFileType = sourcecode.swift; path = "Navigation+TCA.swift"; sourceTree = "<group>"; };
		024E2B04279901CA003A9B55 /* SelectTokenView.swift */ = {isa = PBXFileReference; lastKnownFileType = sourcecode.swift; path = SelectTokenView.swift; sourceTree = "<group>"; };
		024E2B07279901F0003A9B55 /* TokenView.swift */ = {isa = PBXFileReference; lastKnownFileType = sourcecode.swift; path = TokenView.swift; sourceTree = "<group>"; };
		024E2B0927990218003A9B55 /* SelectTokenVM.swift */ = {isa = PBXFileReference; lastKnownFileType = sourcecode.swift; path = SelectTokenVM.swift; sourceTree = "<group>"; };
		024E2B0B2799022A003A9B55 /* TokenVM.swift */ = {isa = PBXFileReference; lastKnownFileType = sourcecode.swift; path = TokenVM.swift; sourceTree = "<group>"; };
		0280DA7D279670390087E62F /* Button.swift */ = {isa = PBXFileReference; lastKnownFileType = sourcecode.swift; path = Button.swift; sourceTree = "<group>"; };
		0280DA7F279670850087E62F /* TextField.swift */ = {isa = PBXFileReference; lastKnownFileType = sourcecode.swift; path = TextField.swift; sourceTree = "<group>"; };
		02A0B2B72795660F00AE925C /* Ethereumウォレット.app */ = {isa = PBXFileReference; explicitFileType = wrapper.application; includeInIndex = 0; path = "Ethereumウォレット.app"; sourceTree = BUILT_PRODUCTS_DIR; };
		02A0B2BA2795660F00AE925C /* EthereumWalletApp.swift */ = {isa = PBXFileReference; lastKnownFileType = sourcecode.swift; path = EthereumWalletApp.swift; sourceTree = "<group>"; };
		02A0B2BC2795660F00AE925C /* RootView.swift */ = {isa = PBXFileReference; lastKnownFileType = sourcecode.swift; path = RootView.swift; sourceTree = "<group>"; };
		02A0B2BE2795661000AE925C /* Assets.xcassets */ = {isa = PBXFileReference; lastKnownFileType = folder.assetcatalog; path = Assets.xcassets; sourceTree = "<group>"; };
		02A0B2C12795661000AE925C /* Preview Assets.xcassets */ = {isa = PBXFileReference; lastKnownFileType = folder.assetcatalog; path = "Preview Assets.xcassets"; sourceTree = "<group>"; };
		02DE56432795670400E28F40 /* HistoryView.swift */ = {isa = PBXFileReference; lastKnownFileType = sourcecode.swift; path = HistoryView.swift; sourceTree = "<group>"; };
		02DE56452795670F00E28F40 /* HomeView.swift */ = {isa = PBXFileReference; lastKnownFileType = sourcecode.swift; path = HomeView.swift; sourceTree = "<group>"; };
		02DE565427956B5E00E28F40 /* RootVM.swift */ = {isa = PBXFileReference; lastKnownFileType = sourcecode.swift; path = RootVM.swift; sourceTree = "<group>"; };
		02DE565627956B6F00E28F40 /* HomeVM.swift */ = {isa = PBXFileReference; lastKnownFileType = sourcecode.swift; path = HomeVM.swift; sourceTree = "<group>"; };
		02DE565827956B7D00E28F40 /* HistoryVM.swift */ = {isa = PBXFileReference; lastKnownFileType = sourcecode.swift; path = HistoryVM.swift; sourceTree = "<group>"; };
		02DE565B279574CF00E28F40 /* HUD.swift */ = {isa = PBXFileReference; lastKnownFileType = sourcecode.swift; path = HUD.swift; sourceTree = "<group>"; };
		02DE56612795796000E28F40 /* DataStore.swift */ = {isa = PBXFileReference; lastKnownFileType = sourcecode.swift; path = DataStore.swift; sourceTree = "<group>"; };
		02DE566427957EC100E28F40 /* Environment.swift */ = {isa = PBXFileReference; fileEncoding = 4; lastKnownFileType = sourcecode.swift; path = Environment.swift; sourceTree = "<group>"; };
		02DE566927957FFB00E28F40 /* Transaction.swift */ = {isa = PBXFileReference; lastKnownFileType = sourcecode.swift; path = Transaction.swift; sourceTree = "<group>"; };
		02DE566B2795806D00E28F40 /* Client.swift */ = {isa = PBXFileReference; lastKnownFileType = sourcecode.swift; path = Client.swift; sourceTree = "<group>"; };
		02DE566D2795821F00E28F40 /* Error.swift */ = {isa = PBXFileReference; lastKnownFileType = sourcecode.swift; path = Error.swift; sourceTree = "<group>"; };
/* End PBXFileReference section */

/* Begin PBXFrameworksBuildPhase section */
		02A0B2B42795660F00AE925C /* Frameworks */ = {
			isa = PBXFrameworksBuildPhase;
			buildActionMask = 2147483647;
			files = (
				02DE565F2795753900E28F40 /* ActivityIndicatorView in Frameworks */,
				02DE564F27956AAF00E28F40 /* SwiftUIRefresh in Frameworks */,
				02DE565227956AE800E28F40 /* Alamofire in Frameworks */,
				02DE5649279569B200E28F40 /* ComposableArchitecture in Frameworks */,
				02DE564C279569F000E28F40 /* web3swift in Frameworks */,
			);
			runOnlyForDeploymentPostprocessing = 0;
		};
/* End PBXFrameworksBuildPhase section */

/* Begin PBXGroup section */
		02A0B2AE2795660F00AE925C = {
			isa = PBXGroup;
			children = (
				02A0B2B92795660F00AE925C /* EthereumWallet */,
				02A0B2B82795660F00AE925C /* Products */,
			);
			sourceTree = "<group>";
		};
		02A0B2B82795660F00AE925C /* Products */ = {
			isa = PBXGroup;
			children = (
				02A0B2B72795660F00AE925C /* Ethereumウォレット.app */,
			);
			name = Products;
			sourceTree = "<group>";
		};
		02A0B2B92795660F00AE925C /* EthereumWallet */ = {
			isa = PBXGroup;
			children = (
				02DE56602795794800E28F40 /* Infra */,
				02DE565327956B3E00E28F40 /* TCA */,
				02DE5642279566C400E28F40 /* UI */,
				02DE566427957EC100E28F40 /* Environment.swift */,
				02A0B2BA2795660F00AE925C /* EthereumWalletApp.swift */,
				02A0B2BE2795661000AE925C /* Assets.xcassets */,
				02A0B2C02795661000AE925C /* Preview Content */,
			);
			path = EthereumWallet;
			sourceTree = "<group>";
		};
		02A0B2C02795661000AE925C /* Preview Content */ = {
			isa = PBXGroup;
			children = (
				02A0B2C12795661000AE925C /* Preview Assets.xcassets */,
			);
			path = "Preview Content";
			sourceTree = "<group>";
		};
		02DC7EDA286B560400D1864B /* Extension */ = {
			isa = PBXGroup;
			children = (
				022748BC27990A2A0066B557 /* Navigation+TCA.swift */,
			);
			path = Extension;
			sourceTree = "<group>";
		};
		02DE5642279566C400E28F40 /* UI */ = {
			isa = PBXGroup;
			children = (
				02DE565A279574BD00E28F40 /* Component */,
				02A0B2BC2795660F00AE925C /* RootView.swift */,
				02DE56452795670F00E28F40 /* HomeView.swift */,
				024E2B04279901CA003A9B55 /* SelectTokenView.swift */,
				024E2B07279901F0003A9B55 /* TokenView.swift */,
				02DE56432795670400E28F40 /* HistoryView.swift */,
			);
			path = UI;
			sourceTree = "<group>";
		};
		02DE565327956B3E00E28F40 /* TCA */ = {
			isa = PBXGroup;
			children = (
				02DC7EDA286B560400D1864B /* Extension */,
				02DE566D2795821F00E28F40 /* Error.swift */,
				02DE565427956B5E00E28F40 /* RootVM.swift */,
				02DE565627956B6F00E28F40 /* HomeVM.swift */,
				024E2B0927990218003A9B55 /* SelectTokenVM.swift */,
				024E2B0B2799022A003A9B55 /* TokenVM.swift */,
				02DE565827956B7D00E28F40 /* HistoryVM.swift */,
			);
			path = TCA;
			sourceTree = "<group>";
		};
		02DE565A279574BD00E28F40 /* Component */ = {
			isa = PBXGroup;
			children = (
				02DE565B279574CF00E28F40 /* HUD.swift */,
				0280DA7D279670390087E62F /* Button.swift */,
				0280DA7F279670850087E62F /* TextField.swift */,
			);
			path = Component;
			sourceTree = "<group>";
		};
		02DE56602795794800E28F40 /* Infra */ = {
			isa = PBXGroup;
			children = (
				02DE566627957FDA00E28F40 /* Etherscan */,
				02DE56612795796000E28F40 /* DataStore.swift */,
			);
			path = Infra;
			sourceTree = "<group>";
		};
		02DE566627957FDA00E28F40 /* Etherscan */ = {
			isa = PBXGroup;
			children = (
				02DE566B2795806D00E28F40 /* Client.swift */,
				02DE566927957FFB00E28F40 /* Transaction.swift */,
			);
			path = Etherscan;
			sourceTree = "<group>";
		};
/* End PBXGroup section */

/* Begin PBXNativeTarget section */
		02A0B2B62795660F00AE925C /* EthereumWallet */ = {
			isa = PBXNativeTarget;
			buildConfigurationList = 02A0B2C52795661000AE925C /* Build configuration list for PBXNativeTarget "EthereumWallet" */;
			buildPhases = (
				02DE566327957E6D00E28F40 /* Env */,
				02A0B2B32795660F00AE925C /* Sources */,
				02A0B2B42795660F00AE925C /* Frameworks */,
				02A0B2B52795660F00AE925C /* Resources */,
			);
			buildRules = (
			);
			dependencies = (
			);
			name = EthereumWallet;
			packageProductDependencies = (
				02DE5648279569B200E28F40 /* ComposableArchitecture */,
				02DE564B279569F000E28F40 /* web3swift */,
				02DE564E27956AAF00E28F40 /* SwiftUIRefresh */,
				02DE565127956AE800E28F40 /* Alamofire */,
				02DE565E2795753900E28F40 /* ActivityIndicatorView */,
			);
			productName = EthereumWallet;
			productReference = 02A0B2B72795660F00AE925C /* Ethereumウォレット.app */;
			productType = "com.apple.product-type.application";
		};
/* End PBXNativeTarget section */

/* Begin PBXProject section */
		02A0B2AF2795660F00AE925C /* Project object */ = {
			isa = PBXProject;
			attributes = {
				BuildIndependentTargetsInParallel = 1;
				LastSwiftUpdateCheck = 1320;
				LastUpgradeCheck = 1320;
				TargetAttributes = {
					02A0B2B62795660F00AE925C = {
						CreatedOnToolsVersion = 13.2.1;
					};
				};
			};
			buildConfigurationList = 02A0B2B22795660F00AE925C /* Build configuration list for PBXProject "EthereumWallet" */;
			compatibilityVersion = "Xcode 13.0";
			developmentRegion = en;
			hasScannedForEncodings = 0;
			knownRegions = (
				en,
				Base,
			);
			mainGroup = 02A0B2AE2795660F00AE925C;
			packageReferences = (
				02DE5647279569B200E28F40 /* XCRemoteSwiftPackageReference "swift-composable-architecture" */,
				02DE564A279569F000E28F40 /* XCRemoteSwiftPackageReference "web3swift" */,
				02DE564D27956AAF00E28F40 /* XCRemoteSwiftPackageReference "SwiftUIRefresh" */,
				02DE565027956AE800E28F40 /* XCRemoteSwiftPackageReference "Alamofire" */,
				02DE565D2795753900E28F40 /* XCRemoteSwiftPackageReference "ActivityIndicatorView" */,
			);
			productRefGroup = 02A0B2B82795660F00AE925C /* Products */;
			projectDirPath = "";
			projectRoot = "";
			targets = (
				02A0B2B62795660F00AE925C /* EthereumWallet */,
			);
		};
/* End PBXProject section */

/* Begin PBXResourcesBuildPhase section */
		02A0B2B52795660F00AE925C /* Resources */ = {
			isa = PBXResourcesBuildPhase;
			buildActionMask = 2147483647;
			files = (
				02A0B2C22795661000AE925C /* Preview Assets.xcassets in Resources */,
				02A0B2BF2795661000AE925C /* Assets.xcassets in Resources */,
			);
			runOnlyForDeploymentPostprocessing = 0;
		};
/* End PBXResourcesBuildPhase section */

/* Begin PBXShellScriptBuildPhase section */
		02DE566327957E6D00E28F40 /* Env */ = {
			isa = PBXShellScriptBuildPhase;
			buildActionMask = 2147483647;
			files = (
			);
			inputFileListPaths = (
			);
			inputPaths = (
			);
			name = Env;
			outputFileListPaths = (
			);
			outputPaths = (
			);
			runOnlyForDeploymentPostprocessing = 0;
			shellPath = /bin/sh;
			shellScript = "\"${SRCROOT}/build-env.sh\" \"${SRCROOT}/.env\" \"${SRCROOT}/${PROJECT}\"\n";
		};
/* End PBXShellScriptBuildPhase section */

/* Begin PBXSourcesBuildPhase section */
		02A0B2B32795660F00AE925C /* Sources */ = {
			isa = PBXSourcesBuildPhase;
			buildActionMask = 2147483647;
			files = (
				02A0B2BD2795660F00AE925C /* RootView.swift in Sources */,
				02DE56442795670400E28F40 /* HistoryView.swift in Sources */,
				02DE566A27957FFB00E28F40 /* Transaction.swift in Sources */,
				022748BD27990A2A0066B557 /* Navigation+TCA.swift in Sources */,
				0280DA80279670850087E62F /* TextField.swift in Sources */,
				02DE56462795670F00E28F40 /* HomeView.swift in Sources */,
				024E2B08279901F0003A9B55 /* TokenView.swift in Sources */,
				02DE56622795796000E28F40 /* DataStore.swift in Sources */,
				02DE565927956B7D00E28F40 /* HistoryVM.swift in Sources */,
				02DE565727956B6F00E28F40 /* HomeVM.swift in Sources */,
				0280DA7E279670390087E62F /* Button.swift in Sources */,
				024E2B0A27990218003A9B55 /* SelectTokenVM.swift in Sources */,
				02DE566C2795806D00E28F40 /* Client.swift in Sources */,
				02DE565C279574CF00E28F40 /* HUD.swift in Sources */,
				02A0B2BB2795660F00AE925C /* EthereumWalletApp.swift in Sources */,
				024E2B0C2799022A003A9B55 /* TokenVM.swift in Sources */,
				024E2B05279901CA003A9B55 /* SelectTokenView.swift in Sources */,
				02DE565527956B5E00E28F40 /* RootVM.swift in Sources */,
				02DE566E2795821F00E28F40 /* Error.swift in Sources */,
				02DE566527957EC100E28F40 /* Environment.swift in Sources */,
			);
			runOnlyForDeploymentPostprocessing = 0;
		};
/* End PBXSourcesBuildPhase section */

/* Begin XCBuildConfiguration section */
		02A0B2C32795661000AE925C /* Debug */ = {
			isa = XCBuildConfiguration;
			buildSettings = {
				ALWAYS_SEARCH_USER_PATHS = NO;
				CLANG_ANALYZER_NONNULL = YES;
				CLANG_ANALYZER_NUMBER_OBJECT_CONVERSION = YES_AGGRESSIVE;
				CLANG_CXX_LANGUAGE_STANDARD = "gnu++17";
				CLANG_CXX_LIBRARY = "libc++";
				CLANG_ENABLE_MODULES = YES;
				CLANG_ENABLE_OBJC_ARC = YES;
				CLANG_ENABLE_OBJC_WEAK = YES;
				CLANG_WARN_BLOCK_CAPTURE_AUTORELEASING = YES;
				CLANG_WARN_BOOL_CONVERSION = YES;
				CLANG_WARN_COMMA = YES;
				CLANG_WARN_CONSTANT_CONVERSION = YES;
				CLANG_WARN_DEPRECATED_OBJC_IMPLEMENTATIONS = YES;
				CLANG_WARN_DIRECT_OBJC_ISA_USAGE = YES_ERROR;
				CLANG_WARN_DOCUMENTATION_COMMENTS = YES;
				CLANG_WARN_EMPTY_BODY = YES;
				CLANG_WARN_ENUM_CONVERSION = YES;
				CLANG_WARN_INFINITE_RECURSION = YES;
				CLANG_WARN_INT_CONVERSION = YES;
				CLANG_WARN_NON_LITERAL_NULL_CONVERSION = YES;
				CLANG_WARN_OBJC_IMPLICIT_RETAIN_SELF = YES;
				CLANG_WARN_OBJC_LITERAL_CONVERSION = YES;
				CLANG_WARN_OBJC_ROOT_CLASS = YES_ERROR;
				CLANG_WARN_QUOTED_INCLUDE_IN_FRAMEWORK_HEADER = YES;
				CLANG_WARN_RANGE_LOOP_ANALYSIS = YES;
				CLANG_WARN_STRICT_PROTOTYPES = YES;
				CLANG_WARN_SUSPICIOUS_MOVE = YES;
				CLANG_WARN_UNGUARDED_AVAILABILITY = YES_AGGRESSIVE;
				CLANG_WARN_UNREACHABLE_CODE = YES;
				CLANG_WARN__DUPLICATE_METHOD_MATCH = YES;
				COPY_PHASE_STRIP = NO;
				DEBUG_INFORMATION_FORMAT = dwarf;
				ENABLE_STRICT_OBJC_MSGSEND = YES;
				ENABLE_TESTABILITY = YES;
				GCC_C_LANGUAGE_STANDARD = gnu11;
				GCC_DYNAMIC_NO_PIC = NO;
				GCC_NO_COMMON_BLOCKS = YES;
				GCC_OPTIMIZATION_LEVEL = 0;
				GCC_PREPROCESSOR_DEFINITIONS = (
					"DEBUG=1",
					"$(inherited)",
				);
				GCC_WARN_64_TO_32_BIT_CONVERSION = YES;
				GCC_WARN_ABOUT_RETURN_TYPE = YES_ERROR;
				GCC_WARN_UNDECLARED_SELECTOR = YES;
				GCC_WARN_UNINITIALIZED_AUTOS = YES_AGGRESSIVE;
				GCC_WARN_UNUSED_FUNCTION = YES;
				GCC_WARN_UNUSED_VARIABLE = YES;
				IPHONEOS_DEPLOYMENT_TARGET = 15.2;
				MTL_ENABLE_DEBUG_INFO = INCLUDE_SOURCE;
				MTL_FAST_MATH = YES;
				ONLY_ACTIVE_ARCH = YES;
				SDKROOT = iphoneos;
				SWIFT_ACTIVE_COMPILATION_CONDITIONS = DEBUG;
				SWIFT_OPTIMIZATION_LEVEL = "-Onone";
			};
			name = Debug;
		};
		02A0B2C42795661000AE925C /* Release */ = {
			isa = XCBuildConfiguration;
			buildSettings = {
				ALWAYS_SEARCH_USER_PATHS = NO;
				CLANG_ANALYZER_NONNULL = YES;
				CLANG_ANALYZER_NUMBER_OBJECT_CONVERSION = YES_AGGRESSIVE;
				CLANG_CXX_LANGUAGE_STANDARD = "gnu++17";
				CLANG_CXX_LIBRARY = "libc++";
				CLANG_ENABLE_MODULES = YES;
				CLANG_ENABLE_OBJC_ARC = YES;
				CLANG_ENABLE_OBJC_WEAK = YES;
				CLANG_WARN_BLOCK_CAPTURE_AUTORELEASING = YES;
				CLANG_WARN_BOOL_CONVERSION = YES;
				CLANG_WARN_COMMA = YES;
				CLANG_WARN_CONSTANT_CONVERSION = YES;
				CLANG_WARN_DEPRECATED_OBJC_IMPLEMENTATIONS = YES;
				CLANG_WARN_DIRECT_OBJC_ISA_USAGE = YES_ERROR;
				CLANG_WARN_DOCUMENTATION_COMMENTS = YES;
				CLANG_WARN_EMPTY_BODY = YES;
				CLANG_WARN_ENUM_CONVERSION = YES;
				CLANG_WARN_INFINITE_RECURSION = YES;
				CLANG_WARN_INT_CONVERSION = YES;
				CLANG_WARN_NON_LITERAL_NULL_CONVERSION = YES;
				CLANG_WARN_OBJC_IMPLICIT_RETAIN_SELF = YES;
				CLANG_WARN_OBJC_LITERAL_CONVERSION = YES;
				CLANG_WARN_OBJC_ROOT_CLASS = YES_ERROR;
				CLANG_WARN_QUOTED_INCLUDE_IN_FRAMEWORK_HEADER = YES;
				CLANG_WARN_RANGE_LOOP_ANALYSIS = YES;
				CLANG_WARN_STRICT_PROTOTYPES = YES;
				CLANG_WARN_SUSPICIOUS_MOVE = YES;
				CLANG_WARN_UNGUARDED_AVAILABILITY = YES_AGGRESSIVE;
				CLANG_WARN_UNREACHABLE_CODE = YES;
				CLANG_WARN__DUPLICATE_METHOD_MATCH = YES;
				COPY_PHASE_STRIP = NO;
				DEBUG_INFORMATION_FORMAT = "dwarf-with-dsym";
				ENABLE_NS_ASSERTIONS = NO;
				ENABLE_STRICT_OBJC_MSGSEND = YES;
				GCC_C_LANGUAGE_STANDARD = gnu11;
				GCC_NO_COMMON_BLOCKS = YES;
				GCC_WARN_64_TO_32_BIT_CONVERSION = YES;
				GCC_WARN_ABOUT_RETURN_TYPE = YES_ERROR;
				GCC_WARN_UNDECLARED_SELECTOR = YES;
				GCC_WARN_UNINITIALIZED_AUTOS = YES_AGGRESSIVE;
				GCC_WARN_UNUSED_FUNCTION = YES;
				GCC_WARN_UNUSED_VARIABLE = YES;
				IPHONEOS_DEPLOYMENT_TARGET = 15.2;
				MTL_ENABLE_DEBUG_INFO = NO;
				MTL_FAST_MATH = YES;
				SDKROOT = iphoneos;
				SWIFT_COMPILATION_MODE = wholemodule;
				SWIFT_OPTIMIZATION_LEVEL = "-O";
				VALIDATE_PRODUCT = YES;
			};
			name = Release;
		};
		02A0B2C62795661000AE925C /* Debug */ = {
			isa = XCBuildConfiguration;
			buildSettings = {
				ASSETCATALOG_COMPILER_APPICON_NAME = AppIcon;
				ASSETCATALOG_COMPILER_GLOBAL_ACCENT_COLOR_NAME = AccentColor;
				CODE_SIGN_STYLE = Automatic;
				CURRENT_PROJECT_VERSION = 1;
				DEVELOPMENT_ASSET_PATHS = "\"EthereumWallet/Preview Content\"";
				DEVELOPMENT_TEAM = 39KF2M8S75;
				ENABLE_PREVIEWS = YES;
				GENERATE_INFOPLIST_FILE = YES;
				INFOPLIST_KEY_UIApplicationSceneManifest_Generation = YES;
				INFOPLIST_KEY_UIApplicationSupportsIndirectInputEvents = YES;
				INFOPLIST_KEY_UILaunchScreen_Generation = YES;
				INFOPLIST_KEY_UISupportedInterfaceOrientations = UIInterfaceOrientationPortrait;
				INFOPLIST_KEY_UISupportedInterfaceOrientations_iPad = "UIInterfaceOrientationPortrait UIInterfaceOrientationPortraitUpsideDown UIInterfaceOrientationLandscapeLeft UIInterfaceOrientationLandscapeRight";
				INFOPLIST_KEY_UISupportedInterfaceOrientations_iPhone = "UIInterfaceOrientationPortrait UIInterfaceOrientationLandscapeLeft UIInterfaceOrientationLandscapeRight";
				LD_RUNPATH_SEARCH_PATHS = (
					"$(inherited)",
					"@executable_path/Frameworks",
				);
				MARKETING_VERSION = 1.0;
				PRODUCT_BUNDLE_IDENTIFIER = "app.akiho.ethereum-wallet";
				PRODUCT_NAME = "Ethereumウォレット";
				SWIFT_EMIT_LOC_STRINGS = YES;
				SWIFT_VERSION = 5.0;
				TARGETED_DEVICE_FAMILY = 1;
			};
			name = Debug;
		};
		02A0B2C72795661000AE925C /* Release */ = {
			isa = XCBuildConfiguration;
			buildSettings = {
				ASSETCATALOG_COMPILER_APPICON_NAME = AppIcon;
				ASSETCATALOG_COMPILER_GLOBAL_ACCENT_COLOR_NAME = AccentColor;
				CODE_SIGN_STYLE = Automatic;
				CURRENT_PROJECT_VERSION = 1;
				DEVELOPMENT_ASSET_PATHS = "\"EthereumWallet/Preview Content\"";
				DEVELOPMENT_TEAM = 39KF2M8S75;
				ENABLE_PREVIEWS = YES;
				GENERATE_INFOPLIST_FILE = YES;
				INFOPLIST_KEY_UIApplicationSceneManifest_Generation = YES;
				INFOPLIST_KEY_UIApplicationSupportsIndirectInputEvents = YES;
				INFOPLIST_KEY_UILaunchScreen_Generation = YES;
				INFOPLIST_KEY_UISupportedInterfaceOrientations = UIInterfaceOrientationPortrait;
				INFOPLIST_KEY_UISupportedInterfaceOrientations_iPad = "UIInterfaceOrientationPortrait UIInterfaceOrientationPortraitUpsideDown UIInterfaceOrientationLandscapeLeft UIInterfaceOrientationLandscapeRight";
				INFOPLIST_KEY_UISupportedInterfaceOrientations_iPhone = "UIInterfaceOrientationPortrait UIInterfaceOrientationLandscapeLeft UIInterfaceOrientationLandscapeRight";
				LD_RUNPATH_SEARCH_PATHS = (
					"$(inherited)",
					"@executable_path/Frameworks",
				);
				MARKETING_VERSION = 1.0;
				PRODUCT_BUNDLE_IDENTIFIER = "app.akiho.ethereum-wallet";
				PRODUCT_NAME = "Ethereumウォレット";
				SWIFT_EMIT_LOC_STRINGS = YES;
				SWIFT_VERSION = 5.0;
				TARGETED_DEVICE_FAMILY = 1;
			};
			name = Release;
		};
/* End XCBuildConfiguration section */

/* Begin XCConfigurationList section */
		02A0B2B22795660F00AE925C /* Build configuration list for PBXProject "EthereumWallet" */ = {
			isa = XCConfigurationList;
			buildConfigurations = (
				02A0B2C32795661000AE925C /* Debug */,
				02A0B2C42795661000AE925C /* Release */,
			);
			defaultConfigurationIsVisible = 0;
			defaultConfigurationName = Release;
		};
		02A0B2C52795661000AE925C /* Build configuration list for PBXNativeTarget "EthereumWallet" */ = {
			isa = XCConfigurationList;
			buildConfigurations = (
				02A0B2C62795661000AE925C /* Debug */,
				02A0B2C72795661000AE925C /* Release */,
			);
			defaultConfigurationIsVisible = 0;
			defaultConfigurationName = Release;
		};
/* End XCConfigurationList section */

/* Begin XCRemoteSwiftPackageReference section */
		02DE5647279569B200E28F40 /* XCRemoteSwiftPackageReference "swift-composable-architecture" */ = {
			isa = XCRemoteSwiftPackageReference;
			repositoryURL = "https://github.com/pointfreeco/swift-composable-architecture";
			requirement = {
				kind = upToNextMajorVersion;
				minimumVersion = 0.9.0;
			};
		};
		02DE564A279569F000E28F40 /* XCRemoteSwiftPackageReference "web3swift" */ = {
			isa = XCRemoteSwiftPackageReference;
			repositoryURL = "https://github.com/skywinder/web3swift.git";
			requirement = {
				kind = upToNextMajorVersion;
				minimumVersion = 2.0.0;
			};
		};
		02DE564D27956AAF00E28F40 /* XCRemoteSwiftPackageReference "SwiftUIRefresh" */ = {
			isa = XCRemoteSwiftPackageReference;
			repositoryURL = "https://github.com/timbersoftware/SwiftUIRefresh.git";
			requirement = {
				branch = master;
				kind = branch;
			};
		};
		02DE565027956AE800E28F40 /* XCRemoteSwiftPackageReference "Alamofire" */ = {
			isa = XCRemoteSwiftPackageReference;
			repositoryURL = "https://github.com/Alamofire/Alamofire.git";
			requirement = {
				kind = upToNextMajorVersion;
				minimumVersion = 5.0.0;
			};
		};
		02DE565D2795753900E28F40 /* XCRemoteSwiftPackageReference "ActivityIndicatorView" */ = {
			isa = XCRemoteSwiftPackageReference;
			repositoryURL = "https://github.com/exyte/ActivityIndicatorView.git";
			requirement = {
				kind = upToNextMajorVersion;
				minimumVersion = 1.0.0;
			};
		};
/* End XCRemoteSwiftPackageReference section */

/* Begin XCSwiftPackageProductDependency section */
		02DE5648279569B200E28F40 /* ComposableArchitecture */ = {
			isa = XCSwiftPackageProductDependency;
			package = 02DE5647279569B200E28F40 /* XCRemoteSwiftPackageReference "swift-composable-architecture" */;
			productName = ComposableArchitecture;
		};
		02DE564B279569F000E28F40 /* web3swift */ = {
			isa = XCSwiftPackageProductDependency;
			package = 02DE564A279569F000E28F40 /* XCRemoteSwiftPackageReference "web3swift" */;
			productName = web3swift;
		};
		02DE564E27956AAF00E28F40 /* SwiftUIRefresh */ = {
			isa = XCSwiftPackageProductDependency;
			package = 02DE564D27956AAF00E28F40 /* XCRemoteSwiftPackageReference "SwiftUIRefresh" */;
			productName = SwiftUIRefresh;
		};
		02DE565127956AE800E28F40 /* Alamofire */ = {
			isa = XCSwiftPackageProductDependency;
			package = 02DE565027956AE800E28F40 /* XCRemoteSwiftPackageReference "Alamofire" */;
			productName = Alamofire;
		};
		02DE565E2795753900E28F40 /* ActivityIndicatorView */ = {
			isa = XCSwiftPackageProductDependency;
			package = 02DE565D2795753900E28F40 /* XCRemoteSwiftPackageReference "ActivityIndicatorView" */;
			productName = ActivityIndicatorView;
		};
/* End XCSwiftPackageProductDependency section */
	};
	rootObject = 02A0B2AF2795660F00AE925C /* Project object */;
}
